// !$*UTF8*$!
{
	archiveVersion = 1;
	classes = {
	};
	objectVersion = 46;
	objects = {

/* Begin PBXBuildFile section */
		42FD1C4B1BB0959600F2EBB7 /* AppDelegate.swift in Sources */ = {isa = PBXBuildFile; fileRef = 42FD1C4A1BB0959600F2EBB7 /* AppDelegate.swift */; };
		42FD1C4D1BB0959600F2EBB7 /* ViewController.swift in Sources */ = {isa = PBXBuildFile; fileRef = 42FD1C4C1BB0959600F2EBB7 /* ViewController.swift */; };
		42FD1C501BB0959600F2EBB7 /* Main.storyboard in Resources */ = {isa = PBXBuildFile; fileRef = 42FD1C4E1BB0959600F2EBB7 /* Main.storyboard */; };
		42FD1C521BB0959600F2EBB7 /* Assets.xcassets in Resources */ = {isa = PBXBuildFile; fileRef = 42FD1C511BB0959600F2EBB7 /* Assets.xcassets */; };
		42FD1C551BB0959600F2EBB7 /* LaunchScreen.storyboard in Resources */ = {isa = PBXBuildFile; fileRef = 42FD1C531BB0959600F2EBB7 /* LaunchScreen.storyboard */; };
		42FD1C601BB0959600F2EBB7 /* Cat_YearsTests.swift in Sources */ = {isa = PBXBuildFile; fileRef = 42FD1C5F1BB0959600F2EBB7 /* Cat_YearsTests.swift */; };
		42FD1C6B1BB0959600F2EBB7 /* Cat_YearsUITests.swift in Sources */ = {isa = PBXBuildFile; fileRef = 42FD1C6A1BB0959600F2EBB7 /* Cat_YearsUITests.swift */; };
		42FD1C791BB09C2100F2EBB7 /* cat.jpeg in Resources */ = {isa = PBXBuildFile; fileRef = 42FD1C781BB09C2100F2EBB7 /* cat.jpeg */; settings = {ASSET_TAGS = (); }; };
/* End PBXBuildFile section */

/* Begin PBXContainerItemProxy section */
		42FD1C5C1BB0959600F2EBB7 /* PBXContainerItemProxy */ = {
			isa = PBXContainerItemProxy;
			containerPortal = 42FD1C3F1BB0959600F2EBB7 /* Project object */;
			proxyType = 1;
			remoteGlobalIDString = 42FD1C461BB0959600F2EBB7;
			remoteInfo = "Cat Years";
		};
		42FD1C671BB0959600F2EBB7 /* PBXContainerItemProxy */ = {
			isa = PBXContainerItemProxy;
			containerPortal = 42FD1C3F1BB0959600F2EBB7 /* Project object */;
			proxyType = 1;
			remoteGlobalIDString = 42FD1C461BB0959600F2EBB7;
			remoteInfo = "Cat Years";
		};
/* End PBXContainerItemProxy section */

/* Begin PBXFileReference section */
		42FD1C471BB0959600F2EBB7 /* Cat Years.app */ = {isa = PBXFileReference; explicitFileType = wrapper.application; includeInIndex = 0; path = "Cat Years.app"; sourceTree = BUILT_PRODUCTS_DIR; };
		42FD1C4A1BB0959600F2EBB7 /* AppDelegate.swift */ = {isa = PBXFileReference; lastKnownFileType = sourcecode.swift; path = AppDelegate.swift; sourceTree = "<group>"; };
		42FD1C4C1BB0959600F2EBB7 /* ViewController.swift */ = {isa = PBXFileReference; lastKnownFileType = sourcecode.swift; path = ViewController.swift; sourceTree = "<group>"; };
		42FD1C4F1BB0959600F2EBB7 /* Base */ = {isa = PBXFileReference; lastKnownFileType = file.storyboard; name = Base; path = Base.lproj/Main.storyboard; sourceTree = "<group>"; };
		42FD1C511BB0959600F2EBB7 /* Assets.xcassets */ = {isa = PBXFileReference; lastKnownFileType = folder.assetcatalog; path = Assets.xcassets; sourceTree = "<group>"; };
		42FD1C541BB0959600F2EBB7 /* Base */ = {isa = PBXFileReference; lastKnownFileType = file.storyboard; name = Base; path = Base.lproj/LaunchScreen.storyboard; sourceTree = "<group>"; };
		42FD1C561BB0959600F2EBB7 /* Info.plist */ = {isa = PBXFileReference; lastKnownFileType = text.plist.xml; path = Info.plist; sourceTree = "<group>"; };
		42FD1C5B1BB0959600F2EBB7 /* Cat YearsTests.xctest */ = {isa = PBXFileReference; explicitFileType = wrapper.cfbundle; includeInIndex = 0; path = "Cat YearsTests.xctest"; sourceTree = BUILT_PRODUCTS_DIR; };
		42FD1C5F1BB0959600F2EBB7 /* Cat_YearsTests.swift */ = {isa = PBXFileReference; lastKnownFileType = sourcecode.swift; path = Cat_YearsTests.swift; sourceTree = "<group>"; };
		42FD1C611BB0959600F2EBB7 /* Info.plist */ = {isa = PBXFileReference; lastKnownFileType = text.plist.xml; path = Info.plist; sourceTree = "<group>"; };
		42FD1C661BB0959600F2EBB7 /* Cat YearsUITests.xctest */ = {isa = PBXFileReference; explicitFileType = wrapper.cfbundle; includeInIndex = 0; path = "Cat YearsUITests.xctest"; sourceTree = BUILT_PRODUCTS_DIR; };
		42FD1C6A1BB0959600F2EBB7 /* Cat_YearsUITests.swift */ = {isa = PBXFileReference; lastKnownFileType = sourcecode.swift; path = Cat_YearsUITests.swift; sourceTree = "<group>"; };
		42FD1C6C1BB0959600F2EBB7 /* Info.plist */ = {isa = PBXFileReference; lastKnownFileType = text.plist.xml; path = Info.plist; sourceTree = "<group>"; };
		42FD1C781BB09C2100F2EBB7 /* cat.jpeg */ = {isa = PBXFileReference; lastKnownFileType = image.jpeg; path = cat.jpeg; sourceTree = "<group>"; };
/* End PBXFileReference section */

/* Begin PBXFrameworksBuildPhase section */
		42FD1C441BB0959600F2EBB7 /* Frameworks */ = {
			isa = PBXFrameworksBuildPhase;
			buildActionMask = 2147483647;
			files = (
			);
			runOnlyForDeploymentPostprocessing = 0;
		};
		42FD1C581BB0959600F2EBB7 /* Frameworks */ = {
			isa = PBXFrameworksBuildPhase;
			buildActionMask = 2147483647;
			files = (
			);
			runOnlyForDeploymentPostprocessing = 0;
		};
		42FD1C631BB0959600F2EBB7 /* Frameworks */ = {
			isa = PBXFrameworksBuildPhase;
			buildActionMask = 2147483647;
			files = (
			);
			runOnlyForDeploymentPostprocessing = 0;
		};
/* End PBXFrameworksBuildPhase section */

/* Begin PBXGroup section */
		42FD1C3E1BB0959600F2EBB7 = {
			isa = PBXGroup;
			children = (
				42FD1C491BB0959600F2EBB7 /* Cat Years */,
				42FD1C5E1BB0959600F2EBB7 /* Cat YearsTests */,
				42FD1C691BB0959600F2EBB7 /* Cat YearsUITests */,
				42FD1C481BB0959600F2EBB7 /* Products */,
			);
			sourceTree = "<group>";
		};
		42FD1C481BB0959600F2EBB7 /* Products */ = {
			isa = PBXGroup;
			children = (
				42FD1C471BB0959600F2EBB7 /* Cat Years.app */,
				42FD1C5B1BB0959600F2EBB7 /* Cat YearsTests.xctest */,
				42FD1C661BB0959600F2EBB7 /* Cat YearsUITests.xctest */,
			);
			name = Products;
			sourceTree = "<group>";
		};
		42FD1C491BB0959600F2EBB7 /* Cat Years */ = {
			isa = PBXGroup;
			children = (
				42FD1C4A1BB0959600F2EBB7 /* AppDelegate.swift */,
				42FD1C4C1BB0959600F2EBB7 /* ViewController.swift */,
				42FD1C4E1BB0959600F2EBB7 /* Main.storyboard */,
				42FD1C781BB09C2100F2EBB7 /* cat.jpeg */,
				42FD1C511BB0959600F2EBB7 /* Assets.xcassets */,
				42FD1C531BB0959600F2EBB7 /* LaunchScreen.storyboard */,
				42FD1C561BB0959600F2EBB7 /* Info.plist */,
			);
			path = "Cat Years";
			sourceTree = "<group>";
		};
		42FD1C5E1BB0959600F2EBB7 /* Cat YearsTests */ = {
			isa = PBXGroup;
			children = (
				42FD1C5F1BB0959600F2EBB7 /* Cat_YearsTests.swift */,
				42FD1C611BB0959600F2EBB7 /* Info.plist */,
			);
			path = "Cat YearsTests";
			sourceTree = "<group>";
		};
		42FD1C691BB0959600F2EBB7 /* Cat YearsUITests */ = {
			isa = PBXGroup;
			children = (
				42FD1C6A1BB0959600F2EBB7 /* Cat_YearsUITests.swift */,
				42FD1C6C1BB0959600F2EBB7 /* Info.plist */,
			);
			path = "Cat YearsUITests";
			sourceTree = "<group>";
		};
/* End PBXGroup section */

/* Begin PBXNativeTarget section */
		42FD1C461BB0959600F2EBB7 /* Cat Years */ = {
			isa = PBXNativeTarget;
			buildConfigurationList = 42FD1C6F1BB0959600F2EBB7 /* Build configuration list for PBXNativeTarget "Cat Years" */;
			buildPhases = (
				42FD1C431BB0959600F2EBB7 /* Sources */,
				42FD1C441BB0959600F2EBB7 /* Frameworks */,
				42FD1C451BB0959600F2EBB7 /* Resources */,
			);
			buildRules = (
			);
			dependencies = (
			);
			name = "Cat Years";
			productName = "Cat Years";
			productReference = 42FD1C471BB0959600F2EBB7 /* Cat Years.app */;
			productType = "com.apple.product-type.application";
		};
		42FD1C5A1BB0959600F2EBB7 /* Cat YearsTests */ = {
			isa = PBXNativeTarget;
			buildConfigurationList = 42FD1C721BB0959600F2EBB7 /* Build configuration list for PBXNativeTarget "Cat YearsTests" */;
			buildPhases = (
				42FD1C571BB0959600F2EBB7 /* Sources */,
				42FD1C581BB0959600F2EBB7 /* Frameworks */,
				42FD1C591BB0959600F2EBB7 /* Resources */,
			);
			buildRules = (
			);
			dependencies = (
				42FD1C5D1BB0959600F2EBB7 /* PBXTargetDependency */,
			);
			name = "Cat YearsTests";
			productName = "Cat YearsTests";
			productReference = 42FD1C5B1BB0959600F2EBB7 /* Cat YearsTests.xctest */;
			productType = "com.apple.product-type.bundle.unit-test";
		};
		42FD1C651BB0959600F2EBB7 /* Cat YearsUITests */ = {
			isa = PBXNativeTarget;
			buildConfigurationList = 42FD1C751BB0959600F2EBB7 /* Build configuration list for PBXNativeTarget "Cat YearsUITests" */;
			buildPhases = (
				42FD1C621BB0959600F2EBB7 /* Sources */,
				42FD1C631BB0959600F2EBB7 /* Frameworks */,
				42FD1C641BB0959600F2EBB7 /* Resources */,
			);
			buildRules = (
			);
			dependencies = (
				42FD1C681BB0959600F2EBB7 /* PBXTargetDependency */,
			);
			name = "Cat YearsUITests";
			productName = "Cat YearsUITests";
			productReference = 42FD1C661BB0959600F2EBB7 /* Cat YearsUITests.xctest */;
			productType = "com.apple.product-type.bundle.ui-testing";
		};
/* End PBXNativeTarget section */

/* Begin PBXProject section */
		42FD1C3F1BB0959600F2EBB7 /* Project object */ = {
			isa = PBXProject;
			attributes = {
				LastUpgradeCheck = 0700;
				ORGANIZATIONNAME = WorldDubination;
				TargetAttributes = {
					42FD1C461BB0959600F2EBB7 = {
						CreatedOnToolsVersion = 7.0;
						DevelopmentTeam = 7CWVY5AV79;
					};
					42FD1C5A1BB0959600F2EBB7 = {
						CreatedOnToolsVersion = 7.0;
						DevelopmentTeam = 7CWVY5AV79;
						TestTargetID = 42FD1C461BB0959600F2EBB7;
					};
					42FD1C651BB0959600F2EBB7 = {
						CreatedOnToolsVersion = 7.0;
						DevelopmentTeam = 7CWVY5AV79;
						TestTargetID = 42FD1C461BB0959600F2EBB7;
					};
				};
			};
			buildConfigurationList = 42FD1C421BB0959600F2EBB7 /* Build configuration list for PBXProject "Cat Years" */;
			compatibilityVersion = "Xcode 3.2";
			developmentRegion = English;
			hasScannedForEncodings = 0;
			knownRegions = (
				en,
				Base,
			);
			mainGroup = 42FD1C3E1BB0959600F2EBB7;
			productRefGroup = 42FD1C481BB0959600F2EBB7 /* Products */;
			projectDirPath = "";
			projectRoot = "";
			targets = (
				42FD1C461BB0959600F2EBB7 /* Cat Years */,
				42FD1C5A1BB0959600F2EBB7 /* Cat YearsTests */,
				42FD1C651BB0959600F2EBB7 /* Cat YearsUITests */,
			);
		};
/* End PBXProject section */

/* Begin PBXResourcesBuildPhase section */
		42FD1C451BB0959600F2EBB7 /* Resources */ = {
			isa = PBXResourcesBuildPhase;
			buildActionMask = 2147483647;
			files = (
				42FD1C791BB09C2100F2EBB7 /* cat.jpeg in Resources */,
				42FD1C551BB0959600F2EBB7 /* LaunchScreen.storyboard in Resources */,
				42FD1C521BB0959600F2EBB7 /* Assets.xcassets in Resources */,
				42FD1C501BB0959600F2EBB7 /* Main.storyboard in Resources */,
			);
			runOnlyForDeploymentPostprocessing = 0;
		};
		42FD1C591BB0959600F2EBB7 /* Resources */ = {
			isa = PBXResourcesBuildPhase;
			buildActionMask = 2147483647;
			files = (
			);
			runOnlyForDeploymentPostprocessing = 0;
		};
		42FD1C641BB0959600F2EBB7 /* Resources */ = {
			isa = PBXResourcesBuildPhase;
			buildActionMask = 2147483647;
			files = (
			);
			runOnlyForDeploymentPostprocessing = 0;
		};
/* End PBXResourcesBuildPhase section */

/* Begin PBXSourcesBuildPhase section */
		42FD1C431BB0959600F2EBB7 /* Sources */ = {
			isa = PBXSourcesBuildPhase;
			buildActionMask = 2147483647;
			files = (
				42FD1C4D1BB0959600F2EBB7 /* ViewController.swift in Sources */,
				42FD1C4B1BB0959600F2EBB7 /* AppDelegate.swift in Sources */,
			);
			runOnlyForDeploymentPostprocessing = 0;
		};
		42FD1C571BB0959600F2EBB7 /* Sources */ = {
			isa = PBXSourcesBuildPhase;
			buildActionMask = 2147483647;
			files = (
				42FD1C601BB0959600F2EBB7 /* Cat_YearsTests.swift in Sources */,
			);
			runOnlyForDeploymentPostprocessing = 0;
		};
		42FD1C621BB0959600F2EBB7 /* Sources */ = {
			isa = PBXSourcesBuildPhase;
			buildActionMask = 2147483647;
			files = (
				42FD1C6B1BB0959600F2EBB7 /* Cat_YearsUITests.swift in Sources */,
			);
			runOnlyForDeploymentPostprocessing = 0;
		};
/* End PBXSourcesBuildPhase section */

/* Begin PBXTargetDependency section */
		42FD1C5D1BB0959600F2EBB7 /* PBXTargetDependency */ = {
			isa = PBXTargetDependency;
			target = 42FD1C461BB0959600F2EBB7 /* Cat Years */;
			targetProxy = 42FD1C5C1BB0959600F2EBB7 /* PBXContainerItemProxy */;
		};
		42FD1C681BB0959600F2EBB7 /* PBXTargetDependency */ = {
			isa = PBXTargetDependency;
			target = 42FD1C461BB0959600F2EBB7 /* Cat Years */;
			targetProxy = 42FD1C671BB0959600F2EBB7 /* PBXContainerItemProxy */;
		};
/* End PBXTargetDependency section */

/* Begin PBXVariantGroup section */
		42FD1C4E1BB0959600F2EBB7 /* Main.storyboard */ = {
			isa = PBXVariantGroup;
			children = (
				42FD1C4F1BB0959600F2EBB7 /* Base */,
			);
			name = Main.storyboard;
			sourceTree = "<group>";
		};
		42FD1C531BB0959600F2EBB7 /* LaunchScreen.storyboard */ = {
			isa = PBXVariantGroup;
			children = (
				42FD1C541BB0959600F2EBB7 /* Base */,
			);
			name = LaunchScreen.storyboard;
			sourceTree = "<group>";
		};
/* End PBXVariantGroup section */

/* Begin XCBuildConfiguration section */
		42FD1C6D1BB0959600F2EBB7 /* Debug */ = {
			isa = XCBuildConfiguration;
			buildSettings = {
				ALWAYS_SEARCH_USER_PATHS = NO;
				CLANG_CXX_LANGUAGE_STANDARD = "gnu++0x";
				CLANG_CXX_LIBRARY = "libc++";
				CLANG_ENABLE_MODULES = YES;
				CLANG_ENABLE_OBJC_ARC = YES;
				CLANG_WARN_BOOL_CONVERSION = YES;
				CLANG_WARN_CONSTANT_CONVERSION = YES;
				CLANG_WARN_DIRECT_OBJC_ISA_USAGE = YES_ERROR;
				CLANG_WARN_EMPTY_BODY = YES;
				CLANG_WARN_ENUM_CONVERSION = YES;
				CLANG_WARN_INT_CONVERSION = YES;
				CLANG_WARN_OBJC_ROOT_CLASS = YES_ERROR;
				CLANG_WARN_UNREACHABLE_CODE = YES;
				CLANG_WARN__DUPLICATE_METHOD_MATCH = YES;
				"CODE_SIGN_IDENTITY[sdk=iphoneos*]" = "iPhone Developer";
				COPY_PHASE_STRIP = NO;
				DEBUG_INFORMATION_FORMAT = dwarf;
				ENABLE_STRICT_OBJC_MSGSEND = YES;
				ENABLE_TESTABILITY = YES;
				GCC_C_LANGUAGE_STANDARD = gnu99;
				GCC_DYNAMIC_NO_PIC = NO;
				GCC_NO_COMMON_BLOCKS = YES;
				GCC_OPTIMIZATION_LEVEL = 0;
				GCC_PREPROCESSOR_DEFINITIONS = (
					"DEBUG=1",
					"$(inherited)",
				);
				GCC_WARN_64_TO_32_BIT_CONVERSION = YES;
				GCC_WARN_ABOUT_RETURN_TYPE = YES_ERROR;
				GCC_WARN_UNDECLARED_SELECTOR = YES;
				GCC_WARN_UNINITIALIZED_AUTOS = YES_AGGRESSIVE;
				GCC_WARN_UNUSED_FUNCTION = YES;
				GCC_WARN_UNUSED_VARIABLE = YES;
				IPHONEOS_DEPLOYMENT_TARGET = 9.0;
				MTL_ENABLE_DEBUG_INFO = YES;
				ONLY_ACTIVE_ARCH = YES;
				SDKROOT = iphoneos;
				SWIFT_OPTIMIZATION_LEVEL = "-Onone";
				TARGETED_DEVICE_FAMILY = "1,2";
			};
			name = Debug;
		};
		42FD1C6E1BB0959600F2EBB7 /* Release */ = {
			isa = XCBuildConfiguration;
			buildSettings = {
				ALWAYS_SEARCH_USER_PATHS = NO;
				CLANG_CXX_LANGUAGE_STANDARD = "gnu++0x";
				CLANG_CXX_LIBRARY = "libc++";
				CLANG_ENABLE_MODULES = YES;
				CLANG_ENABLE_OBJC_ARC = YES;
				CLANG_WARN_BOOL_CONVERSION = YES;
				CLANG_WARN_CONSTANT_CONVERSION = YES;
				CLANG_WARN_DIRECT_OBJC_ISA_USAGE = YES_ERROR;
				CLANG_WARN_EMPTY_BODY = YES;
				CLANG_WARN_ENUM_CONVERSION = YES;
				CLANG_WARN_INT_CONVERSION = YES;
				CLANG_WARN_OBJC_ROOT_CLASS = YES_ERROR;
				CLANG_WARN_UNREACHABLE_CODE = YES;
				CLANG_WARN__DUPLICATE_METHOD_MATCH = YES;
				"CODE_SIGN_IDENTITY[sdk=iphoneos*]" = "iPhone Developer";
				COPY_PHASE_STRIP = NO;
				DEBUG_INFORMATION_FORMAT = "dwarf-with-dsym";
				ENABLE_NS_ASSERTIONS = NO;
				ENABLE_STRICT_OBJC_MSGSEND = YES;
				GCC_C_LANGUAGE_STANDARD = gnu99;
				GCC_NO_COMMON_BLOCKS = YES;
				GCC_WARN_64_TO_32_BIT_CONVERSION = YES;
				GCC_WARN_ABOUT_RETURN_TYPE = YES_ERROR;
				GCC_WARN_UNDECLARED_SELECTOR = YES;
				GCC_WARN_UNINITIALIZED_AUTOS = YES_AGGRESSIVE;
				GCC_WARN_UNUSED_FUNCTION = YES;
				GCC_WARN_UNUSED_VARIABLE = YES;
				IPHONEOS_DEPLOYMENT_TARGET = 9.0;
				MTL_ENABLE_DEBUG_INFO = NO;
				SDKROOT = iphoneos;
				TARGETED_DEVICE_FAMILY = "1,2";
				VALIDATE_PRODUCT = YES;
			};
			name = Release;
		};
		42FD1C701BB0959600F2EBB7 /* Debug */ = {
			isa = XCBuildConfiguration;
			buildSettings = {
				ASSETCATALOG_COMPILER_APPICON_NAME = AppIcon;
				INFOPLIST_FILE = "Cat Years/Info.plist";
				LD_RUNPATH_SEARCH_PATHS = "$(inherited) @executable_path/Frameworks";
				PRODUCT_BUNDLE_IDENTIFIER = "com.WorldDubination.Cat-Years";
				PRODUCT_NAME = "$(TARGET_NAME)";
			};
			name = Debug;
		};
		42FD1C711BB0959600F2EBB7 /* Release */ = {
			isa = XCBuildConfiguration;
			buildSettings = {
				ASSETCATALOG_COMPILER_APPICON_NAME = AppIcon;
				INFOPLIST_FILE = "Cat Years/Info.plist";
				LD_RUNPATH_SEARCH_PATHS = "$(inherited) @executable_path/Frameworks";
				PRODUCT_BUNDLE_IDENTIFIER = "com.WorldDubination.Cat-Years";
				PRODUCT_NAME = "$(TARGET_NAME)";
			};
			name = Release;
		};
		42FD1C731BB0959600F2EBB7 /* Debug */ = {
			isa = XCBuildConfiguration;
			buildSettings = {
				BUNDLE_LOADER = "$(TEST_HOST)";
				INFOPLIST_FILE = "Cat YearsTests/Info.plist";
				LD_RUNPATH_SEARCH_PATHS = "$(inherited) @executable_path/Frameworks @loader_path/Frameworks";
				PRODUCT_BUNDLE_IDENTIFIER = "com.WorldDubination.Cat-YearsTests";
				PRODUCT_NAME = "$(TARGET_NAME)";
				TEST_HOST = "$(BUILT_PRODUCTS_DIR)/Cat Years.app/Cat Years";
			};
			name = Debug;
		};
		42FD1C741BB0959600F2EBB7 /* Release */ = {
			isa = XCBuildConfiguration;
			buildSettings = {
				BUNDLE_LOADER = "$(TEST_HOST)";
				INFOPLIST_FILE = "Cat YearsTests/Info.plist";
				LD_RUNPATH_SEARCH_PATHS = "$(inherited) @executable_path/Frameworks @loader_path/Frameworks";
				PRODUCT_BUNDLE_IDENTIFIER = "com.WorldDubination.Cat-YearsTests";
				PRODUCT_NAME = "$(TARGET_NAME)";
				TEST_HOST = "$(BUILT_PRODUCTS_DIR)/Cat Years.app/Cat Years";
			};
			name = Release;
		};
		42FD1C761BB0959600F2EBB7 /* Debug */ = {
			isa = XCBuildConfiguration;
			buildSettings = {
				INFOPLIST_FILE = "Cat YearsUITests/Info.plist";
				LD_RUNPATH_SEARCH_PATHS = "$(inherited) @executable_path/Frameworks @loader_path/Frameworks";
				PRODUCT_BUNDLE_IDENTIFIER = "com.WorldDubination.Cat-YearsUITests";
				PRODUCT_NAME = "$(TARGET_NAME)";
				TEST_TARGET_NAME = "Cat Years";
				USES_XCTRUNNER = YES;
			};
			name = Debug;
		};
		42FD1C771BB0959600F2EBB7 /* Release */ = {
			isa = XCBuildConfiguration;
			buildSettings = {
				INFOPLIST_FILE = "Cat YearsUITests/Info.plist";
				LD_RUNPATH_SEARCH_PATHS = "$(inherited) @executable_path/Frameworks @loader_path/Frameworks";
				PRODUCT_BUNDLE_IDENTIFIER = "com.WorldDubination.Cat-YearsUITests";
				PRODUCT_NAME = "$(TARGET_NAME)";
				TEST_TARGET_NAME = "Cat Years";
				USES_XCTRUNNER = YES;
			};
			name = Release;
		};
/* End XCBuildConfiguration section */

/* Begin XCConfigurationList section */
		42FD1C421BB0959600F2EBB7 /* Build configuration list for PBXProject "Cat Years" */ = {
			isa = XCConfigurationList;
			buildConfigurations = (
				42FD1C6D1BB0959600F2EBB7 /* Debug */,
				42FD1C6E1BB0959600F2EBB7 /* Release */,
			);
			defaultConfigurationIsVisible = 0;
			defaultConfigurationName = Release;
		};
		42FD1C6F1BB0959600F2EBB7 /* Build configuration list for PBXNativeTarget "Cat Years" */ = {
			isa = XCConfigurationList;
			buildConfigurations = (
				42FD1C701BB0959600F2EBB7 /* Debug */,
				42FD1C711BB0959600F2EBB7 /* Release */,
			);
			defaultConfigurationIsVisible = 0;
		};
		42FD1C721BB0959600F2EBB7 /* Build configuration list for PBXNativeTarget "Cat YearsTests" */ = {
			isa = XCConfigurationList;
			buildConfigurations = (
				42FD1C731BB0959600F2EBB7 /* Debug */,
				42FD1C741BB0959600F2EBB7 /* Release */,
			);
			defaultConfigurationIsVisible = 0;
		};
		42FD1C751BB0959600F2EBB7 /* Build configuration list for PBXNativeTarget "Cat YearsUITests" */ = {
			isa = XCConfigurationList;
			buildConfigurations = (
				42FD1C761BB0959600F2EBB7 /* Debug */,
				42FD1C771BB0959600F2EBB7 /* Release */,
			);
			defaultConfigurationIsVisible = 0;
		};
/* End XCConfigurationList section */
	};
	rootObject = 42FD1C3F1BB0959600F2EBB7 /* Project object */;
}
